
Microsoft Visual Studio Solution File, Format Version 12.00
# Visual Studio Version 16
VisualStudioVersion = 16.0.30011.22
MinimumVisualStudioVersion = 10.0.40219.1
Project("{FAE04EC0-301F-11D3-BF4B-00C04F79EFBC}") = "bouncing", "bouncing.csproj", "{9B77AAA1-1FBB-40A1-BDB6-16ED74400641}"
EndProject
Global
	GlobalSection(SolutionConfigurationPlatforms) = preSolution
		Debug|Any CPU = Debug|Any CPU
		Release|Any CPU = Release|Any CPU
	EndGlobalSection
	GlobalSection(ProjectConfigurationPlatforms) = postSolution
		{9B77AAA1-1FBB-40A1-BDB6-16ED74400641}.Debug|Any CPU.ActiveCfg = Debug|Any CPU
		{9B77AAA1-1FBB-40A1-BDB6-16ED74400641}.Debug|Any CPU.Build.0 = Debug|Any CPU
		{9B77AAA1-1FBB-40A1-BDB6-16ED74400641}.Release|Any CPU.ActiveCfg = Release|Any CPU
		{9B77AAA1-1FBB-40A1-BDB6-16ED74400641}.Release|Any CPU.Build.0 = Release|Any CPU
	EndGlobalSection
	GlobalSection(SolutionProperties) = preSolution
		HideSolutionNode = FALSE
	EndGlobalSection
	GlobalSection(ExtensibilityGlobals) = postSolution
		SolutionGuid = {CEA140C1-245F-474D-9E94-15217DF89187}
	EndGlobalSection
EndGlobal
